
Microsoft Visual Studio Solution File, Format Version 12.00
# Visual Studio Version 17
VisualStudioVersion = 17.5.33502.453
MinimumVisualStudioVersion = 10.0.40219.1
Project("{8BC9CEB8-8B4A-11D0-8D11-00A0C91BC942}") = "Cuckoo-clock", "Cuckoo-clock.vcxproj", "{03AFBB33-DD99-4F22-8D58-5FC808E6AD6C}"
EndProject
Global
	GlobalSection(SolutionConfigurationPlatforms) = preSolution
		Debug|x64 = Debug|x64
		Debug|x86 = Debug|x86
		Release|x64 = Release|x64
		Release|x86 = Release|x86
	EndGlobalSection
	GlobalSection(ProjectConfigurationPlatforms) = postSolution
		{03AFBB33-DD99-4F22-8D58-5FC808E6AD6C}.Debug|x64.ActiveCfg = Debug|x64
		{03AFBB33-DD99-4F22-8D58-5FC808E6AD6C}.Debug|x64.Build.0 = Debug|x64
		{03AFBB33-DD99-4F22-8D58-5FC808E6AD6C}.Debug|x86.ActiveCfg = Debug|Win32
		{03AFBB33-DD99-4F22-8D58-5FC808E6AD6C}.Debug|x86.Build.0 = Debug|Win32
		{03AFBB33-DD99-4F22-8D58-5FC808E6AD6C}.Release|x64.ActiveCfg = Release|x64
		{03AFBB33-DD99-4F22-8D58-5FC808E6AD6C}.Release|x64.Build.0 = Release|x64
		{03AFBB33-DD99-4F22-8D58-5FC808E6AD6C}.Release|x86.ActiveCfg = Release|Win32
		{03AFBB33-DD99-4F22-8D58-5FC808E6AD6C}.Release|x86.Build.0 = Release|Win32
	EndGlobalSection
	GlobalSection(SolutionProperties) = preSolution
		HideSolutionNode = FALSE
	EndGlobalSection
	GlobalSection(ExtensibilityGlobals) = postSolution
		SolutionGuid = {BC9E46B1-5F1A-4923-99F3-E122542FDED1}
	EndGlobalSection
EndGlobal
